Microsoft Visual Studio Solution File, Format Version 12.00
# Visual Studio 15
VisualStudioVersion = 15.0.27703.2026
MinimumVisualStudioVersion = 10.0.40219.1
Project("{FAE04EC0-301F-11D3-BF4B-00C04F79EFBC}") = "Microsoft.Bot.Sample.SimpleEchoBot", "Microsoft.Bot.Sample.SimpleEchoBot.csproj", "{9C7E3A46-B60F-4052-9A21-DC8D1A942216}"
EndProject
Project("{FAE04EC0-301F-11D3-BF4B-00C04F79EFBC}") = "LogicLayer", "LogicLayer\LogicLayer.csproj", "{1506A04E-A399-403A-BA31-4B7DDA0678B8}"
EndProject
Project("{FAE04EC0-301F-11D3-BF4B-00C04F79EFBC}") = "DataBase", "DataBase\DataBase.csproj", "{EB78BCD1-CD6A-4C78-9DC8-B962A761E431}"
EndProject
Project("{FAE04EC0-301F-11D3-BF4B-00C04F79EFBC}") = "EntitiesLayer", "EntitiesLayer\EntitiesLayer.csproj", "{3F073B50-E506-4F61-81AE-C28E8CD63F73}"
EndProject
Global
	GlobalSection(SolutionConfigurationPlatforms) = preSolution
		Debug|Any CPU = Debug|Any CPU
		Release|Any CPU = Release|Any CPU
	EndGlobalSection
	GlobalSection(ProjectConfigurationPlatforms) = postSolution
		{9C7E3A46-B60F-4052-9A21-DC8D1A942216}.Debug|Any CPU.ActiveCfg = Debug|Any CPU
		{9C7E3A46-B60F-4052-9A21-DC8D1A942216}.Debug|Any CPU.Build.0 = Debug|Any CPU
		{9C7E3A46-B60F-4052-9A21-DC8D1A942216}.Release|Any CPU.ActiveCfg = Release|Any CPU
		{9C7E3A46-B60F-4052-9A21-DC8D1A942216}.Release|Any CPU.Build.0 = Release|Any CPU
		{1506A04E-A399-403A-BA31-4B7DDA0678B8}.Debug|Any CPU.ActiveCfg = Debug|Any CPU
		{1506A04E-A399-403A-BA31-4B7DDA0678B8}.Debug|Any CPU.Build.0 = Debug|Any CPU
		{1506A04E-A399-403A-BA31-4B7DDA0678B8}.Release|Any CPU.ActiveCfg = Release|Any CPU
		{1506A04E-A399-403A-BA31-4B7DDA0678B8}.Release|Any CPU.Build.0 = Release|Any CPU
		{EB78BCD1-CD6A-4C78-9DC8-B962A761E431}.Debug|Any CPU.ActiveCfg = Debug|Any CPU
		{EB78BCD1-CD6A-4C78-9DC8-B962A761E431}.Debug|Any CPU.Build.0 = Debug|Any CPU
		{EB78BCD1-CD6A-4C78-9DC8-B962A761E431}.Release|Any CPU.ActiveCfg = Release|Any CPU
		{EB78BCD1-CD6A-4C78-9DC8-B962A761E431}.Release|Any CPU.Build.0 = Release|Any CPU
		{3F073B50-E506-4F61-81AE-C28E8CD63F73}.Debug|Any CPU.ActiveCfg = Debug|Any CPU
		{3F073B50-E506-4F61-81AE-C28E8CD63F73}.Debug|Any CPU.Build.0 = Debug|Any CPU
		{3F073B50-E506-4F61-81AE-C28E8CD63F73}.Release|Any CPU.ActiveCfg = Release|Any CPU
		{3F073B50-E506-4F61-81AE-C28E8CD63F73}.Release|Any CPU.Build.0 = Release|Any CPU
	EndGlobalSection
	GlobalSection(SolutionProperties) = preSolution
		HideSolutionNode = FALSE
	EndGlobalSection
	GlobalSection(ExtensibilityGlobals) = postSolution
		SolutionGuid = {BFDBDFB9-DFD3-4538-9D8C-502479389156}
	EndGlobalSection
EndGlobal
